
Microsoft Visual Studio Solution File, Format Version 12.00
Project("{2150E333-8FDC-42A3-9474-1A3956D46DE8}") = "src", "src", "{0D29134B-3E4D-44DA-A85D-7D413E5F215F}"
EndProject
Project("{2150E333-8FDC-42A3-9474-1A3956D46DE8}") = "test", "test", "{5B3ABB4F-F9DC-451F-9BD4-2FC219369F47}"
EndProject
Project("{FAE04EC0-301F-11D3-BF4B-00C04F79EFBC}") = "MobileUI", "MobileUI\MobileUI.csproj", "{93780178-F926-4F4B-AEE8-CD086FAC9AA3}"
EndProject
Project("{FAE04EC0-301F-11D3-BF4B-00C04F79EFBC}") = "Domain", "Domain\Domain.csproj", "{5E78A6A7-AA1E-43F0-B977-AB610A3237E8}"
EndProject
Project("{FAE04EC0-301F-11D3-BF4B-00C04F79EFBC}") = "Infrastructure", "Infrastructure\Infrastructure.csproj", "{F13C0486-76F4-4067-A620-DD5D7C42F9E8}"
EndProject
Project("{FAE04EC0-301F-11D3-BF4B-00C04F79EFBC}") = "Application", "Application\Application.csproj", "{896CBAD0-0E6A-44F2-8D52-25E40D9BC405}"
EndProject
Project("{FAE04EC0-301F-11D3-BF4B-00C04F79EFBC}") = "APIServicesProvider", "APIServicesProvider\APIServicesProvider.csproj", "{1009579D-69EC-4E63-82EA-7DC8DA7ECBE8}"
EndProject
Project("{FAE04EC0-301F-11D3-BF4B-00C04F79EFBC}") = "MeuBarbeiroTests", "MeuBarbeiroTests\MeuBarbeiroTests.csproj", "{7383B1E0-1531-4115-9AB7-A44760E65E32}"
EndProject
Project("{2150E333-8FDC-42A3-9474-1A3956D46DE8}") = "Resources", "Resources", "{41FC5510-4A5D-418C-9D3F-A26168226F08}"
	ProjectSection(SolutionItems) = preProject
		C:\Users\Dev_DouglasValdo\Desktop\MeuBarbeiroEntities.drawio = C:\Users\Dev_DouglasValdo\Desktop\MeuBarbeiroEntities.drawio
	EndProjectSection
EndProject
Global
	GlobalSection(SolutionConfigurationPlatforms) = preSolution
		Debug|Any CPU = Debug|Any CPU
		Release|Any CPU = Release|Any CPU
	EndGlobalSection
	GlobalSection(NestedProjects) = preSolution
		{93780178-F926-4F4B-AEE8-CD086FAC9AA3} = {0D29134B-3E4D-44DA-A85D-7D413E5F215F}
		{5E78A6A7-AA1E-43F0-B977-AB610A3237E8} = {0D29134B-3E4D-44DA-A85D-7D413E5F215F}
		{F13C0486-76F4-4067-A620-DD5D7C42F9E8} = {0D29134B-3E4D-44DA-A85D-7D413E5F215F}
		{896CBAD0-0E6A-44F2-8D52-25E40D9BC405} = {0D29134B-3E4D-44DA-A85D-7D413E5F215F}
		{1009579D-69EC-4E63-82EA-7DC8DA7ECBE8} = {0D29134B-3E4D-44DA-A85D-7D413E5F215F}
		{7383B1E0-1531-4115-9AB7-A44760E65E32} = {5B3ABB4F-F9DC-451F-9BD4-2FC219369F47}
	EndGlobalSection
	GlobalSection(ProjectConfigurationPlatforms) = postSolution
		{93780178-F926-4F4B-AEE8-CD086FAC9AA3}.Debug|Any CPU.ActiveCfg = Debug|Any CPU
		{93780178-F926-4F4B-AEE8-CD086FAC9AA3}.Debug|Any CPU.Build.0 = Debug|Any CPU
		{93780178-F926-4F4B-AEE8-CD086FAC9AA3}.Release|Any CPU.ActiveCfg = Release|Any CPU
		{93780178-F926-4F4B-AEE8-CD086FAC9AA3}.Release|Any CPU.Build.0 = Release|Any CPU
		{5E78A6A7-AA1E-43F0-B977-AB610A3237E8}.Debug|Any CPU.ActiveCfg = Debug|Any CPU
		{5E78A6A7-AA1E-43F0-B977-AB610A3237E8}.Debug|Any CPU.Build.0 = Debug|Any CPU
		{5E78A6A7-AA1E-43F0-B977-AB610A3237E8}.Release|Any CPU.ActiveCfg = Release|Any CPU
		{5E78A6A7-AA1E-43F0-B977-AB610A3237E8}.Release|Any CPU.Build.0 = Release|Any CPU
		{F13C0486-76F4-4067-A620-DD5D7C42F9E8}.Debug|Any CPU.ActiveCfg = Debug|Any CPU
		{F13C0486-76F4-4067-A620-DD5D7C42F9E8}.Debug|Any CPU.Build.0 = Debug|Any CPU
		{F13C0486-76F4-4067-A620-DD5D7C42F9E8}.Release|Any CPU.ActiveCfg = Release|Any CPU
		{F13C0486-76F4-4067-A620-DD5D7C42F9E8}.Release|Any CPU.Build.0 = Release|Any CPU
		{896CBAD0-0E6A-44F2-8D52-25E40D9BC405}.Debug|Any CPU.ActiveCfg = Debug|Any CPU
		{896CBAD0-0E6A-44F2-8D52-25E40D9BC405}.Debug|Any CPU.Build.0 = Debug|Any CPU
		{896CBAD0-0E6A-44F2-8D52-25E40D9BC405}.Release|Any CPU.ActiveCfg = Release|Any CPU
		{896CBAD0-0E6A-44F2-8D52-25E40D9BC405}.Release|Any CPU.Build.0 = Release|Any CPU
		{1009579D-69EC-4E63-82EA-7DC8DA7ECBE8}.Debug|Any CPU.ActiveCfg = Debug|Any CPU
		{1009579D-69EC-4E63-82EA-7DC8DA7ECBE8}.Debug|Any CPU.Build.0 = Debug|Any CPU
		{1009579D-69EC-4E63-82EA-7DC8DA7ECBE8}.Release|Any CPU.ActiveCfg = Release|Any CPU
		{1009579D-69EC-4E63-82EA-7DC8DA7ECBE8}.Release|Any CPU.Build.0 = Release|Any CPU
		{7383B1E0-1531-4115-9AB7-A44760E65E32}.Debug|Any CPU.ActiveCfg = Debug|Any CPU
		{7383B1E0-1531-4115-9AB7-A44760E65E32}.Debug|Any CPU.Build.0 = Debug|Any CPU
		{7383B1E0-1531-4115-9AB7-A44760E65E32}.Release|Any CPU.ActiveCfg = Release|Any CPU
		{7383B1E0-1531-4115-9AB7-A44760E65E32}.Release|Any CPU.Build.0 = Release|Any CPU
	EndGlobalSection
EndGlobal
